
Microsoft Visual Studio Solution File, Format Version 12.00
# Visual Studio Version 17
VisualStudioVersion = 17.8.34511.84
MinimumVisualStudioVersion = 10.0.40219.1
Project("{FAE04EC0-301F-11D3-BF4B-00C04F79EFBC}") = "FastListIteration", "FastListIteration\FastListIteration.csproj", "{3592FB1C-272A-4E39-92B5-2AEC2977040B}"
EndProject
Global
	GlobalSection(SolutionConfigurationPlatforms) = preSolution
		Debug|Any CPU = Debug|Any CPU
		Release|Any CPU = Release|Any CPU
	EndGlobalSection
	GlobalSection(ProjectConfigurationPlatforms) = postSolution
		{3592FB1C-272A-4E39-92B5-2AEC2977040B}.Debug|Any CPU.ActiveCfg = Debug|Any CPU
		{3592FB1C-272A-4E39-92B5-2AEC2977040B}.Debug|Any CPU.Build.0 = Debug|Any CPU
		{3592FB1C-272A-4E39-92B5-2AEC2977040B}.Release|Any CPU.ActiveCfg = Release|Any CPU
		{3592FB1C-272A-4E39-92B5-2AEC2977040B}.Release|Any CPU.Build.0 = Release|Any CPU
	EndGlobalSection
	GlobalSection(SolutionProperties) = preSolution
		HideSolutionNode = FALSE
	EndGlobalSection
	GlobalSection(ExtensibilityGlobals) = postSolution
		SolutionGuid = {198865C5-5437-4B8D-ACE7-07391DD2B10E}
	EndGlobalSection
EndGlobal
